
Microsoft Visual Studio Solution File, Format Version 12.00
# Visual Studio Version 17
VisualStudioVersion = 17.0.31919.166
MinimumVisualStudioVersion = 10.0.40219.1
Project("{FAE04EC0-301F-11D3-BF4B-00C04F79EFBC}") = "GameServer", "GameServer\GameServer.csproj", "{D1737FC6-3D0B-4F3D-901B-F105C014BD0C}"
EndProject
Global
	GlobalSection(SolutionConfigurationPlatforms) = preSolution
		Debug|Any CPU = Debug|Any CPU
		Release|Any CPU = Release|Any CPU
	EndGlobalSection
	GlobalSection(ProjectConfigurationPlatforms) = postSolution
		{D1737FC6-3D0B-4F3D-901B-F105C014BD0C}.Debug|Any CPU.ActiveCfg = Debug|Any CPU
		{D1737FC6-3D0B-4F3D-901B-F105C014BD0C}.Debug|Any CPU.Build.0 = Debug|Any CPU
		{D1737FC6-3D0B-4F3D-901B-F105C014BD0C}.Release|Any CPU.ActiveCfg = Release|Any CPU
		{D1737FC6-3D0B-4F3D-901B-F105C014BD0C}.Release|Any CPU.Build.0 = Release|Any CPU
	EndGlobalSection
	GlobalSection(SolutionProperties) = preSolution
		HideSolutionNode = FALSE
	EndGlobalSection
	GlobalSection(ExtensibilityGlobals) = postSolution
		SolutionGuid = {D3DAC296-1E20-4661-B892-4E462C3C3C40}
	EndGlobalSection
EndGlobal
